[{<<"cowboy">>,
  {git,"https://github.com/extend/cowboy",
       {ref,"dfeec3b74ad09c9d3eb4cab9910c5dba6f5e2cd5"}},
  0},
 {<<"cowboy_session">>,
  {git,"git@github.com:dronowar/cowboy_session.git",
       {ref,"40d818b74085a1d40fb88799e258fa0c33b55122"}},
  0},
 {<<"cowlib">>,
  {git,"https://github.com/ninenines/cowlib",
       {ref,"75aaeb8415033b07303febbfeba66d6d3413ad06"}},
  1},
 {<<"emodel">>,
  {git,"https://github.com/egobrain/emodel.git",
       {ref,"361f5eef0aabc63c390e26b43c602e14e06425cb"}},
  0},
 {<<"epgsql">>,
  {git,"git://github.com/epgsql/epgsql.git",
       {ref,"3cfe73a4dfa55826975fd71b1942b73b95960ee4"}},
  1},
 {<<"gproc">>,
  {git,"git://github.com/esl/gproc.git",
       {ref,"1f12fbf6fd75cb4fa6e7b38f331fe3e1fdd2adf0"}},
  1},
 {<<"jiffy">>,
  {git,"https://github.com/davisp/jiffy",
       {ref,"ba09da790477b0f7a31aeaa9b21cae0ffba27d77"}},
  0},
 {<<"pgapp">>,
  {git,"https://github.com/epgsql/pgapp.git",
       {ref,"e55452ba8621720bd9bfe0b5d0cd92687c82d470"}},
  0},
 {<<"poolboy">>,
  {git,"git://github.com/devinus/poolboy.git",
       {ref,"fa87a6e51534d02c04a118a2f037d0ff296f2309"}},
  1},
 {<<"ranch">>,
  {git,"https://github.com/ninenines/ranch",
       {ref,"3190aef88aea04d6dce8545fe9b4574288903f44"}},
  1},
 {<<"sync">>,
  {git,"git://github.com/rustyio/sync.git",
       {ref,"d7ded2d221fb542b3417cffe77163206613daacb"}},
  0},
 {<<"uuid">>,
  {git,"git://github.com/travis/erlang-uuid.git",
       {ref,"f6a1cf9027e4af78b4a81201f4f6db1a822b8316"}},
  1}].
